// !$*UTF8*$!
{
	archiveVersion = 1;
	classes = {
	};
	objectVersion = 46;
	objects = {

/* Begin PBXBuildFile section */
		0ACB131C1A009216009EA438 /* main.m in Sources */ = {isa = PBXBuildFile; fileRef = 0ACB131B1A009216009EA438 /* main.m */; };
		0ACB131F1A009216009EA438 /* AppDelegate.m in Sources */ = {isa = PBXBuildFile; fileRef = 0ACB131E1A009216009EA438 /* AppDelegate.m */; };
		0ACB13221A009216009EA438 /* ViewController.m in Sources */ = {isa = PBXBuildFile; fileRef = 0ACB13211A009216009EA438 /* ViewController.m */; };
		0ACB13251A009216009EA438 /* Main.storyboard in Resources */ = {isa = PBXBuildFile; fileRef = 0ACB13231A009216009EA438 /* Main.storyboard */; };
		0ACB13271A009216009EA438 /* Images.xcassets in Resources */ = {isa = PBXBuildFile; fileRef = 0ACB13261A009216009EA438 /* Images.xcassets */; };
		0ACB132A1A009216009EA438 /* LaunchScreen.xib in Resources */ = {isa = PBXBuildFile; fileRef = 0ACB13281A009216009EA438 /* LaunchScreen.xib */; };
		0ACB13361A009216009EA438 /* ____Tests.m in Sources */ = {isa = PBXBuildFile; fileRef = 0ACB13351A009216009EA438 /* ____Tests.m */; };
/* End PBXBuildFile section */

/* Begin PBXContainerItemProxy section */
		0ACB13301A009216009EA438 /* PBXContainerItemProxy */ = {
			isa = PBXContainerItemProxy;
			containerPortal = 0ACB130E1A009216009EA438 /* Project object */;
			proxyType = 1;
			remoteGlobalIDString = 0ACB13151A009216009EA438;
			remoteInfo = "万锦金融";
		};
/* End PBXContainerItemProxy section */

/* Begin PBXFileReference section */
		0ACB13161A009216009EA438 /* 万锦金融.app */ = {isa = PBXFileReference; explicitFileType = wrapper.application; includeInIndex = 0; path = "万锦金融.app"; sourceTree = BUILT_PRODUCTS_DIR; };
		0ACB131A1A009216009EA438 /* Info.plist */ = {isa = PBXFileReference; lastKnownFileType = text.plist.xml; path = Info.plist; sourceTree = "<group>"; };
		0ACB131B1A009216009EA438 /* main.m */ = {isa = PBXFileReference; lastKnownFileType = sourcecode.c.objc; path = main.m; sourceTree = "<group>"; };
		0ACB131D1A009216009EA438 /* AppDelegate.h */ = {isa = PBXFileReference; lastKnownFileType = sourcecode.c.h; path = AppDelegate.h; sourceTree = "<group>"; };
		0ACB131E1A009216009EA438 /* AppDelegate.m */ = {isa = PBXFileReference; lastKnownFileType = sourcecode.c.objc; path = AppDelegate.m; sourceTree = "<group>"; };
		0ACB13201A009216009EA438 /* ViewController.h */ = {isa = PBXFileReference; lastKnownFileType = sourcecode.c.h; path = ViewController.h; sourceTree = "<group>"; };
		0ACB13211A009216009EA438 /* ViewController.m */ = {isa = PBXFileReference; lastKnownFileType = sourcecode.c.objc; path = ViewController.m; sourceTree = "<group>"; };
		0ACB13241A009216009EA438 /* Base */ = {isa = PBXFileReference; lastKnownFileType = file.storyboard; name = Base; path = Base.lproj/Main.storyboard; sourceTree = "<group>"; };
		0ACB13261A009216009EA438 /* Images.xcassets */ = {isa = PBXFileReference; lastKnownFileType = folder.assetcatalog; path = Images.xcassets; sourceTree = "<group>"; };
		0ACB13291A009216009EA438 /* Base */ = {isa = PBXFileReference; lastKnownFileType = file.xib; name = Base; path = Base.lproj/LaunchScreen.xib; sourceTree = "<group>"; };
		0ACB132F1A009216009EA438 /* 万锦金融Tests.xctest */ = {isa = PBXFileReference; explicitFileType = wrapper.cfbundle; includeInIndex = 0; path = "万锦金融Tests.xctest"; sourceTree = BUILT_PRODUCTS_DIR; };
		0ACB13341A009216009EA438 /* Info.plist */ = {isa = PBXFileReference; lastKnownFileType = text.plist.xml; path = Info.plist; sourceTree = "<group>"; };
		0ACB13351A009216009EA438 /* ____Tests.m */ = {isa = PBXFileReference; lastKnownFileType = sourcecode.c.objc; path = "____Tests.m"; sourceTree = "<group>"; };
/* End PBXFileReference section */

/* Begin PBXFrameworksBuildPhase section */
		0ACB13131A009216009EA438 /* Frameworks */ = {
			isa = PBXFrameworksBuildPhase;
			buildActionMask = 2147483647;
			files = (
			);
			runOnlyForDeploymentPostprocessing = 0;
		};
		0ACB132C1A009216009EA438 /* Frameworks */ = {
			isa = PBXFrameworksBuildPhase;
			buildActionMask = 2147483647;
			files = (
			);
			runOnlyForDeploymentPostprocessing = 0;
		};
/* End PBXFrameworksBuildPhase section */

/* Begin PBXGroup section */
		0ACB130D1A009216009EA438 = {
			isa = PBXGroup;
			children = (
				0ACB13181A009216009EA438 /* 万锦金融 */,
				0ACB13321A009216009EA438 /* 万锦金融Tests */,
				0ACB13171A009216009EA438 /* Products */,
			);
			sourceTree = "<group>";
		};
		0ACB13171A009216009EA438 /* Products */ = {
			isa = PBXGroup;
			children = (
				0ACB13161A009216009EA438 /* 万锦金融.app */,
				0ACB132F1A009216009EA438 /* 万锦金融Tests.xctest */,
			);
			name = Products;
			sourceTree = "<group>";
		};
		0ACB13181A009216009EA438 /* 万锦金融 */ = {
			isa = PBXGroup;
			children = (
				0ACB131D1A009216009EA438 /* AppDelegate.h */,
				0ACB131E1A009216009EA438 /* AppDelegate.m */,
				0ACB13201A009216009EA438 /* ViewController.h */,
				0ACB13211A009216009EA438 /* ViewController.m */,
				0ACB13231A009216009EA438 /* Main.storyboard */,
				0ACB13261A009216009EA438 /* Images.xcassets */,
				0ACB13281A009216009EA438 /* LaunchScreen.xib */,
				0ACB13191A009216009EA438 /* Supporting Files */,
			);
			path = "万锦金融";
			sourceTree = "<group>";
		};
		0ACB13191A009216009EA438 /* Supporting Files */ = {
			isa = PBXGroup;
			children = (
				0ACB131A1A009216009EA438 /* Info.plist */,
				0ACB131B1A009216009EA438 /* main.m */,
			);
			name = "Supporting Files";
			sourceTree = "<group>";
		};
		0ACB13321A009216009EA438 /* 万锦金融Tests */ = {
			isa = PBXGroup;
			children = (
				0ACB13351A009216009EA438 /* ____Tests.m */,
				0ACB13331A009216009EA438 /* Supporting Files */,
			);
			path = "万锦金融Tests";
			sourceTree = "<group>";
		};
		0ACB13331A009216009EA438 /* Supporting Files */ = {
			isa = PBXGroup;
			children = (
				0ACB13341A009216009EA438 /* Info.plist */,
			);
			name = "Supporting Files";
			sourceTree = "<group>";
		};
/* End PBXGroup section */

/* Begin PBXNativeTarget section */
		0ACB13151A009216009EA438 /* 万锦金融 */ = {
			isa = PBXNativeTarget;
			buildConfigurationList = 0ACB13391A009216009EA438 /* Build configuration list for PBXNativeTarget "万锦金融" */;
			buildPhases = (
				0ACB13121A009216009EA438 /* Sources */,
				0ACB13131A009216009EA438 /* Frameworks */,
				0ACB13141A009216009EA438 /* Resources */,
			);
			buildRules = (
			);
			dependencies = (
			);
			name = "万锦金融";
			productName = "万锦金融";
			productReference = 0ACB13161A009216009EA438 /* 万锦金融.app */;
			productType = "com.apple.product-type.application";
		};
		0ACB132E1A009216009EA438 /* 万锦金融Tests */ = {
			isa = PBXNativeTarget;
			buildConfigurationList = 0ACB133C1A009216009EA438 /* Build configuration list for PBXNativeTarget "万锦金融Tests" */;
			buildPhases = (
				0ACB132B1A009216009EA438 /* Sources */,
				0ACB132C1A009216009EA438 /* Frameworks */,
				0ACB132D1A009216009EA438 /* Resources */,
			);
			buildRules = (
			);
			dependencies = (
				0ACB13311A009216009EA438 /* PBXTargetDependency */,
			);
			name = "万锦金融Tests";
			productName = "万锦金融Tests";
			productReference = 0ACB132F1A009216009EA438 /* 万锦金融Tests.xctest */;
			productType = "com.apple.product-type.bundle.unit-test";
		};
/* End PBXNativeTarget section */

/* Begin PBXProject section */
		0ACB130E1A009216009EA438 /* Project object */ = {
			isa = PBXProject;
			attributes = {
				LastUpgradeCheck = 0610;
				ORGANIZATIONNAME = "Markham Center Financial";
				TargetAttributes = {
					0ACB13151A009216009EA438 = {
						CreatedOnToolsVersion = 6.1;
					};
					0ACB132E1A009216009EA438 = {
						CreatedOnToolsVersion = 6.1;
						TestTargetID = 0ACB13151A009216009EA438;
					};
				};
			};
			buildConfigurationList = 0ACB13111A009216009EA438 /* Build configuration list for PBXProject "万锦金融" */;
			compatibilityVersion = "Xcode 3.2";
			developmentRegion = English;
			hasScannedForEncodings = 0;
			knownRegions = (
				en,
				Base,
			);
			mainGroup = 0ACB130D1A009216009EA438;
			productRefGroup = 0ACB13171A009216009EA438 /* Products */;
			projectDirPath = "";
			projectRoot = "";
			targets = (
				0ACB13151A009216009EA438 /* 万锦金融 */,
				0ACB132E1A009216009EA438 /* 万锦金融Tests */,
			);
		};
/* End PBXProject section */

/* Begin PBXResourcesBuildPhase section */
		0ACB13141A009216009EA438 /* Resources */ = {
			isa = PBXResourcesBuildPhase;
			buildActionMask = 2147483647;
			files = (
				0ACB13251A009216009EA438 /* Main.storyboard in Resources */,
				0ACB132A1A009216009EA438 /* LaunchScreen.xib in Resources */,
				0ACB13271A009216009EA438 /* Images.xcassets in Resources */,
			);
			runOnlyForDeploymentPostprocessing = 0;
		};
		0ACB132D1A009216009EA438 /* Resources */ = {
			isa = PBXResourcesBuildPhase;
			buildActionMask = 2147483647;
			files = (
			);
			runOnlyForDeploymentPostprocessing = 0;
		};
/* End PBXResourcesBuildPhase section */

/* Begin PBXSourcesBuildPhase section */
		0ACB13121A009216009EA438 /* Sources */ = {
			isa = PBXSourcesBuildPhase;
			buildActionMask = 2147483647;
			files = (
				0ACB13221A009216009EA438 /* ViewController.m in Sources */,
				0ACB131F1A009216009EA438 /* AppDelegate.m in Sources */,
				0ACB131C1A009216009EA438 /* main.m in Sources */,
			);
			runOnlyForDeploymentPostprocessing = 0;
		};
		0ACB132B1A009216009EA438 /* Sources */ = {
			isa = PBXSourcesBuildPhase;
			buildActionMask = 2147483647;
			files = (
				0ACB13361A009216009EA438 /* ____Tests.m in Sources */,
			);
			runOnlyForDeploymentPostprocessing = 0;
		};
/* End PBXSourcesBuildPhase section */

/* Begin PBXTargetDependency section */
		0ACB13311A009216009EA438 /* PBXTargetDependency */ = {
			isa = PBXTargetDependency;
			target = 0ACB13151A009216009EA438 /* 万锦金融 */;
			targetProxy = 0ACB13301A009216009EA438 /* PBXContainerItemProxy */;
		};
/* End PBXTargetDependency section */

/* Begin PBXVariantGroup section */
		0ACB13231A009216009EA438 /* Main.storyboard */ = {
			isa = PBXVariantGroup;
			children = (
				0ACB13241A009216009EA438 /* Base */,
			);
			name = Main.storyboard;
			sourceTree = "<group>";
		};
		0ACB13281A009216009EA438 /* LaunchScreen.xib */ = {
			isa = PBXVariantGroup;
			children = (
				0ACB13291A009216009EA438 /* Base */,
			);
			name = LaunchScreen.xib;
			sourceTree = "<group>";
		};
/* End PBXVariantGroup section */

/* Begin XCBuildConfiguration section */
		0ACB13371A009216009EA438 /* Debug */ = {
			isa = XCBuildConfiguration;
			buildSettings = {
				ALWAYS_SEARCH_USER_PATHS = NO;
				CLANG_CXX_LANGUAGE_STANDARD = "gnu++0x";
				CLANG_CXX_LIBRARY = "libc++";
				CLANG_ENABLE_MODULES = YES;
				CLANG_ENABLE_OBJC_ARC = YES;
				CLANG_WARN_BOOL_CONVERSION = YES;
				CLANG_WARN_CONSTANT_CONVERSION = YES;
				CLANG_WARN_DIRECT_OBJC_ISA_USAGE = YES_ERROR;
				CLANG_WARN_EMPTY_BODY = YES;
				CLANG_WARN_ENUM_CONVERSION = YES;
				CLANG_WARN_INT_CONVERSION = YES;
				CLANG_WARN_OBJC_ROOT_CLASS = YES_ERROR;
				CLANG_WARN_UNREACHABLE_CODE = YES;
				CLANG_WARN__DUPLICATE_METHOD_MATCH = YES;
				"CODE_SIGN_IDENTITY[sdk=iphoneos*]" = "iPhone Developer";
				COPY_PHASE_STRIP = NO;
				ENABLE_STRICT_OBJC_MSGSEND = YES;
				GCC_C_LANGUAGE_STANDARD = gnu99;
				GCC_DYNAMIC_NO_PIC = NO;
				GCC_OPTIMIZATION_LEVEL = 0;
				GCC_PREPROCESSOR_DEFINITIONS = (
					"DEBUG=1",
					"$(inherited)",
				);
				GCC_SYMBOLS_PRIVATE_EXTERN = NO;
				GCC_WARN_64_TO_32_BIT_CONVERSION = YES;
				GCC_WARN_ABOUT_RETURN_TYPE = YES_ERROR;
				GCC_WARN_UNDECLARED_SELECTOR = YES;
				GCC_WARN_UNINITIALIZED_AUTOS = YES_AGGRESSIVE;
				GCC_WARN_UNUSED_FUNCTION = YES;
				GCC_WARN_UNUSED_VARIABLE = YES;
				IPHONEOS_DEPLOYMENT_TARGET = 8.1;
				MTL_ENABLE_DEBUG_INFO = YES;
				ONLY_ACTIVE_ARCH = YES;
				SDKROOT = iphoneos;
			};
			name = Debug;
		};
		0ACB13381A009216009EA438 /* Release */ = {
			isa = XCBuildConfiguration;
			buildSettings = {
				ALWAYS_SEARCH_USER_PATHS = NO;
				CLANG_CXX_LANGUAGE_STANDARD = "gnu++0x";
				CLANG_CXX_LIBRARY = "libc++";
				CLANG_ENABLE_MODULES = YES;
				CLANG_ENABLE_OBJC_ARC = YES;
				CLANG_WARN_BOOL_CONVERSION = YES;
				CLANG_WARN_CONSTANT_CONVERSION = YES;
				CLANG_WARN_DIRECT_OBJC_ISA_USAGE = YES_ERROR;
				CLANG_WARN_EMPTY_BODY = YES;
				CLANG_WARN_ENUM_CONVERSION = YES;
				CLANG_WARN_INT_CONVERSION = YES;
				CLANG_WARN_OBJC_ROOT_CLASS = YES_ERROR;
				CLANG_WARN_UNREACHABLE_CODE = YES;
				CLANG_WARN__DUPLICATE_METHOD_MATCH = YES;
				"CODE_SIGN_IDENTITY[sdk=iphoneos*]" = "iPhone Developer";
				COPY_PHASE_STRIP = YES;
				ENABLE_NS_ASSERTIONS = NO;
				ENABLE_STRICT_OBJC_MSGSEND = YES;
				GCC_C_LANGUAGE_STANDARD = gnu99;
				GCC_WARN_64_TO_32_BIT_CONVERSION = YES;
				GCC_WARN_ABOUT_RETURN_TYPE = YES_ERROR;
				GCC_WARN_UNDECLARED_SELECTOR = YES;
				GCC_WARN_UNINITIALIZED_AUTOS = YES_AGGRESSIVE;
				GCC_WARN_UNUSED_FUNCTION = YES;
				GCC_WARN_UNUSED_VARIABLE = YES;
				IPHONEOS_DEPLOYMENT_TARGET = 8.1;
				MTL_ENABLE_DEBUG_INFO = NO;
				SDKROOT = iphoneos;
				VALIDATE_PRODUCT = YES;
			};
			name = Release;
		};
		0ACB133A1A009216009EA438 /* Debug */ = {
			isa = XCBuildConfiguration;
			buildSettings = {
				ASSETCATALOG_COMPILER_APPICON_NAME = AppIcon;
				INFOPLIST_FILE = "万锦金融/Info.plist";
				LD_RUNPATH_SEARCH_PATHS = "$(inherited) @executable_path/Frameworks";
				PRODUCT_NAME = "$(TARGET_NAME)";
			};
			name = Debug;
		};
		0ACB133B1A009216009EA438 /* Release */ = {
			isa = XCBuildConfiguration;
			buildSettings = {
				ASSETCATALOG_COMPILER_APPICON_NAME = AppIcon;
				INFOPLIST_FILE = "万锦金融/Info.plist";
				LD_RUNPATH_SEARCH_PATHS = "$(inherited) @executable_path/Frameworks";
				PRODUCT_NAME = "$(TARGET_NAME)";
			};
			name = Release;
		};
		0ACB133D1A009216009EA438 /* Debug */ = {
			isa = XCBuildConfiguration;
			buildSettings = {
				BUNDLE_LOADER = "$(TEST_HOST)";
				FRAMEWORK_SEARCH_PATHS = (
					"$(SDKROOT)/Developer/Library/Frameworks",
					"$(inherited)",
				);
				GCC_PREPROCESSOR_DEFINITIONS = (
					"DEBUG=1",
					"$(inherited)",
				);
				INFOPLIST_FILE = "万锦金融Tests/Info.plist";
				LD_RUNPATH_SEARCH_PATHS = "$(inherited) @executable_path/Frameworks @loader_path/Frameworks";
				PRODUCT_NAME = "$(TARGET_NAME)";
				TEST_HOST = "$(BUILT_PRODUCTS_DIR)/万锦金融.app/万锦金融";
			};
			name = Debug;
		};
		0ACB133E1A009216009EA438 /* Release */ = {
			isa = XCBuildConfiguration;
			buildSettings = {
				BUNDLE_LOADER = "$(TEST_HOST)";
				FRAMEWORK_SEARCH_PATHS = (
					"$(SDKROOT)/Developer/Library/Frameworks",
					"$(inherited)",
				);
				INFOPLIST_FILE = "万锦金融Tests/Info.plist";
				LD_RUNPATH_SEARCH_PATHS = "$(inherited) @executable_path/Frameworks @loader_path/Frameworks";
				PRODUCT_NAME = "$(TARGET_NAME)";
				TEST_HOST = "$(BUILT_PRODUCTS_DIR)/万锦金融.app/万锦金融";
			};
			name = Release;
		};
/* End XCBuildConfiguration section */

/* Begin XCConfigurationList section */
		0ACB13111A009216009EA438 /* Build configuration list for PBXProject "万锦金融" */ = {
			isa = XCConfigurationList;
			buildConfigurations = (
				0ACB13371A009216009EA438 /* Debug */,
				0ACB13381A009216009EA438 /* Release */,
			);
			defaultConfigurationIsVisible = 0;
			defaultConfigurationName = Release;
		};
		0ACB13391A009216009EA438 /* Build configuration list for PBXNativeTarget "万锦金融" */ = {
			isa = XCConfigurationList;
			buildConfigurations = (
				0ACB133A1A009216009EA438 /* Debug */,
				0ACB133B1A009216009EA438 /* Release */,
			);
			defaultConfigurationIsVisible = 0;
		};
		0ACB133C1A009216009EA438 /* Build configuration list for PBXNativeTarget "万锦金融Tests" */ = {
			isa = XCConfigurationList;
			buildConfigurations = (
				0ACB133D1A009216009EA438 /* Debug */,
				0ACB133E1A009216009EA438 /* Release */,
			);
			defaultConfigurationIsVisible = 0;
		};
/* End XCConfigurationList section */
	};
	rootObject = 0ACB130E1A009216009EA438 /* Project object */;
}
